// !$*UTF8*$!
{
	archiveVersion = 1;
	classes = {
	};
	objectVersion = 48;
	objects = {

/* Begin PBXBuildFile section */
		0D3F08141FFC02880025DAFD /* RepasDetailsTableViewController.swift in Sources */ = {isa = PBXBuildFile; fileRef = 0D3F08131FFC02880025DAFD /* RepasDetailsTableViewController.swift */; };
		0D3F08231FFC0D340025DAFD /* RepasDetailsTableViewCell.swift in Sources */ = {isa = PBXBuildFile; fileRef = 0D3F08221FFC0D340025DAFD /* RepasDetailsTableViewCell.swift */; };
		0D62C67E1FF42231002E3B5D /* RepasDAO.swift in Sources */ = {isa = PBXBuildFile; fileRef = 0D62C67D1FF42231002E3B5D /* RepasDAO.swift */; };
		0D62C6801FF518CA002E3B5D /* MenuDAO.swift in Sources */ = {isa = PBXBuildFile; fileRef = 0D62C67F1FF518CA002E3B5D /* MenuDAO.swift */; };
		0D62C6821FF5288D002E3B5D /* ListeMenusDAO.swift in Sources */ = {isa = PBXBuildFile; fileRef = 0D62C6811FF5288D002E3B5D /* ListeMenusDAO.swift */; };
		0DB2663D1FFC1E5A009FC6FA /* ItemListeDeCourse.swift in Sources */ = {isa = PBXBuildFile; fileRef = 0DB2663C1FFC1E5A009FC6FA /* ItemListeDeCourse.swift */; };
		0DB2664C1FFC20FC009FC6FA /* ListeDeCourseTableViewController.swift in Sources */ = {isa = PBXBuildFile; fileRef = 0DB2664B1FFC20FC009FC6FA /* ListeDeCourseTableViewController.swift */; };
		0DB2664E1FFC2113009FC6FA /* ListeDeCourseTableViewCell.swift in Sources */ = {isa = PBXBuildFile; fileRef = 0DB2664D1FFC2113009FC6FA /* ListeDeCourseTableViewCell.swift */; };
		0DB694E61FFBDC280008A219 /* AllListeMenusTableViewController.swift in Sources */ = {isa = PBXBuildFile; fileRef = 0DB694E51FFBDC280008A219 /* AllListeMenusTableViewController.swift */; };
		0DB694F51FFBDC490008A219 /* AllListeMenusTableViewCell.swift in Sources */ = {isa = PBXBuildFile; fileRef = 0DB694F41FFBDC490008A219 /* AllListeMenusTableViewCell.swift */; };
		0DB694F71FFBEA480008A219 /* ListeMenusDetailsViewController.swift in Sources */ = {isa = PBXBuildFile; fileRef = 0DB694F61FFBEA480008A219 /* ListeMenusDetailsViewController.swift */; };
		0DB694F91FFBF9A10008A219 /* ListeMenusDetailsTableViewCell.swift in Sources */ = {isa = PBXBuildFile; fileRef = 0DB694F81FFBF9A10008A219 /* ListeMenusDetailsTableViewCell.swift */; };
		10534A1F1FD732E000D9CFEA /* PersonNumberTableViewCell.swift in Sources */ = {isa = PBXBuildFile; fileRef = 10534A1E1FD732E000D9CFEA /* PersonNumberTableViewCell.swift */; };
		10534A211FD73D4500D9CFEA /* TagTableViewController.swift in Sources */ = {isa = PBXBuildFile; fileRef = 10534A201FD73D4500D9CFEA /* TagTableViewController.swift */; };
		106BEE0D1FDB187800085055 /* MySQLiteHelper.swift in Sources */ = {isa = PBXBuildFile; fileRef = 106BEE0C1FDB187800085055 /* MySQLiteHelper.swift */; };
		106BEE2E1FDB637E00085055 /* PlatDAO.swift in Sources */ = {isa = PBXBuildFile; fileRef = 106BEE2D1FDB637E00085055 /* PlatDAO.swift */; };
		107A13351FCE144900436568 /* ListeMenus.swift in Sources */ = {isa = PBXBuildFile; fileRef = 107A13341FCE144900436568 /* ListeMenus.swift */; };
		107A13391FCE186C00436568 /* Menu.swift in Sources */ = {isa = PBXBuildFile; fileRef = 107A13381FCE186C00436568 /* Menu.swift */; };
		107A133B1FCE19DD00436568 /* Repas.swift in Sources */ = {isa = PBXBuildFile; fileRef = 107A133A1FCE19DD00436568 /* Repas.swift */; };
		107A133D1FCE1AEF00436568 /* Plat.swift in Sources */ = {isa = PBXBuildFile; fileRef = 107A133C1FCE1AEF00436568 /* Plat.swift */; };
		107A13411FCE1BB800436568 /* Ingredient.swift in Sources */ = {isa = PBXBuildFile; fileRef = 107A13401FCE1BB800436568 /* Ingredient.swift */; };
		107A13431FCE1C5B00436568 /* Tag.swift in Sources */ = {isa = PBXBuildFile; fileRef = 107A13421FCE1C5B00436568 /* Tag.swift */; };
		107A13451FCE204000436568 /* MealNumberTableViewController.swift in Sources */ = {isa = PBXBuildFile; fileRef = 107A13441FCE204000436568 /* MealNumberTableViewController.swift */; };
		107A13471FCE20EF00436568 /* DatePickViewController.swift in Sources */ = {isa = PBXBuildFile; fileRef = 107A13461FCE20EF00436568 /* DatePickViewController.swift */; };
		10928CD21FCF5E2E00F33600 /* MealTableViewCell.swift in Sources */ = {isa = PBXBuildFile; fileRef = 10928CD11FCF5E2E00F33600 /* MealTableViewCell.swift */; };
		10928CD41FCF6E1700F33600 /* PersonNumberTableViewController.swift in Sources */ = {isa = PBXBuildFile; fileRef = 10928CD31FCF6E1700F33600 /* PersonNumberTableViewController.swift */; };
		1096B9981FCE01170005A202 /* AppDelegate.swift in Sources */ = {isa = PBXBuildFile; fileRef = 1096B9971FCE01170005A202 /* AppDelegate.swift */; };
		1096B99A1FCE01170005A202 /* ViewController.swift in Sources */ = {isa = PBXBuildFile; fileRef = 1096B9991FCE01170005A202 /* ViewController.swift */; };
		1096B99D1FCE01170005A202 /* Main.storyboard in Resources */ = {isa = PBXBuildFile; fileRef = 1096B99B1FCE01170005A202 /* Main.storyboard */; };
		1096B9A01FCE01170005A202 /* FillMyFridge.xcdatamodeld in Sources */ = {isa = PBXBuildFile; fileRef = 1096B99E1FCE01170005A202 /* FillMyFridge.xcdatamodeld */; };
		1096B9A21FCE01170005A202 /* Assets.xcassets in Resources */ = {isa = PBXBuildFile; fileRef = 1096B9A11FCE01170005A202 /* Assets.xcassets */; };
		1096B9A51FCE01170005A202 /* LaunchScreen.storyboard in Resources */ = {isa = PBXBuildFile; fileRef = 1096B9A31FCE01170005A202 /* LaunchScreen.storyboard */; };
		10D22CC21FD99CF900232289 /* TagTableViewCell.swift in Sources */ = {isa = PBXBuildFile; fileRef = 10D22CC11FD99CF900232289 /* TagTableViewCell.swift */; };
		10FBE0291FDB01B70040031E /* GenerationDoneViewController.swift in Sources */ = {isa = PBXBuildFile; fileRef = 10FBE0281FDB01B60040031E /* GenerationDoneViewController.swift */; };
		26DEC0F545342D0737270044 /* Pods_FillMyFridge.framework in Frameworks */ = {isa = PBXBuildFile; fileRef = 562CF97B3DEFB1A763FD26BA /* Pods_FillMyFridge.framework */; };
/* End PBXBuildFile section */

/* Begin PBXCopyFilesBuildPhase section */
		106BEE2C1FDB1B0800085055 /* Embed Frameworks */ = {
			isa = PBXCopyFilesBuildPhase;
			buildActionMask = 2147483647;
			dstPath = "";
			dstSubfolderSpec = 10;
			files = (
			);
			name = "Embed Frameworks";
			runOnlyForDeploymentPostprocessing = 0;
		};
/* End PBXCopyFilesBuildPhase section */

/* Begin PBXFileReference section */
		0D3F08131FFC02880025DAFD /* RepasDetailsTableViewController.swift */ = {isa = PBXFileReference; lastKnownFileType = sourcecode.swift; name = RepasDetailsTableViewController.swift; path = Controllers/RepasDetailsTableViewController.swift; sourceTree = "<group>"; };
		0D3F08221FFC0D340025DAFD /* RepasDetailsTableViewCell.swift */ = {isa = PBXFileReference; lastKnownFileType = sourcecode.swift; path = RepasDetailsTableViewCell.swift; sourceTree = "<group>"; };
		0D62C67D1FF42231002E3B5D /* RepasDAO.swift */ = {isa = PBXFileReference; lastKnownFileType = sourcecode.swift; name = RepasDAO.swift; path = DAO/RepasDAO.swift; sourceTree = "<group>"; };
		0D62C67F1FF518CA002E3B5D /* MenuDAO.swift */ = {isa = PBXFileReference; lastKnownFileType = sourcecode.swift; name = MenuDAO.swift; path = DAO/MenuDAO.swift; sourceTree = "<group>"; };
		0D62C6811FF5288D002E3B5D /* ListeMenusDAO.swift */ = {isa = PBXFileReference; lastKnownFileType = sourcecode.swift; name = ListeMenusDAO.swift; path = DAO/ListeMenusDAO.swift; sourceTree = "<group>"; };
		0DB2663C1FFC1E5A009FC6FA /* ItemListeDeCourse.swift */ = {isa = PBXFileReference; lastKnownFileType = sourcecode.swift; path = ItemListeDeCourse.swift; sourceTree = "<group>"; };
		0DB2664B1FFC20FC009FC6FA /* ListeDeCourseTableViewController.swift */ = {isa = PBXFileReference; lastKnownFileType = sourcecode.swift; name = ListeDeCourseTableViewController.swift; path = Controllers/ListeDeCourseTableViewController.swift; sourceTree = "<group>"; };
		0DB2664D1FFC2113009FC6FA /* ListeDeCourseTableViewCell.swift */ = {isa = PBXFileReference; lastKnownFileType = sourcecode.swift; path = ListeDeCourseTableViewCell.swift; sourceTree = "<group>"; };
		0DB694E51FFBDC280008A219 /* AllListeMenusTableViewController.swift */ = {isa = PBXFileReference; lastKnownFileType = sourcecode.swift; name = AllListeMenusTableViewController.swift; path = Controllers/AllListeMenusTableViewController.swift; sourceTree = "<group>"; };
		0DB694F41FFBDC490008A219 /* AllListeMenusTableViewCell.swift */ = {isa = PBXFileReference; lastKnownFileType = sourcecode.swift; path = AllListeMenusTableViewCell.swift; sourceTree = "<group>"; };
		0DB694F61FFBEA480008A219 /* ListeMenusDetailsViewController.swift */ = {isa = PBXFileReference; lastKnownFileType = sourcecode.swift; name = ListeMenusDetailsViewController.swift; path = Controllers/ListeMenusDetailsViewController.swift; sourceTree = "<group>"; };
		0DB694F81FFBF9A10008A219 /* ListeMenusDetailsTableViewCell.swift */ = {isa = PBXFileReference; lastKnownFileType = sourcecode.swift; path = ListeMenusDetailsTableViewCell.swift; sourceTree = "<group>"; };
		10534A1E1FD732E000D9CFEA /* PersonNumberTableViewCell.swift */ = {isa = PBXFileReference; lastKnownFileType = sourcecode.swift; path = PersonNumberTableViewCell.swift; sourceTree = "<group>"; };
		10534A201FD73D4500D9CFEA /* TagTableViewController.swift */ = {isa = PBXFileReference; lastKnownFileType = sourcecode.swift; name = TagTableViewController.swift; path = Controllers/TagTableViewController.swift; sourceTree = "<group>"; };
		106BEE0C1FDB187800085055 /* MySQLiteHelper.swift */ = {isa = PBXFileReference; lastKnownFileType = sourcecode.swift; name = MySQLiteHelper.swift; path = DAO/MySQLiteHelper.swift; sourceTree = "<group>"; };
		106BEE2D1FDB637E00085055 /* PlatDAO.swift */ = {isa = PBXFileReference; lastKnownFileType = sourcecode.swift; name = PlatDAO.swift; path = DAO/PlatDAO.swift; sourceTree = "<group>"; };
		107A13341FCE144900436568 /* ListeMenus.swift */ = {isa = PBXFileReference; lastKnownFileType = sourcecode.swift; name = ListeMenus.swift; path = Objects/ListeMenus.swift; sourceTree = "<group>"; };
		107A13381FCE186C00436568 /* Menu.swift */ = {isa = PBXFileReference; lastKnownFileType = sourcecode.swift; name = Menu.swift; path = Objects/Menu.swift; sourceTree = "<group>"; };
		107A133A1FCE19DD00436568 /* Repas.swift */ = {isa = PBXFileReference; lastKnownFileType = sourcecode.swift; name = Repas.swift; path = Objects/Repas.swift; sourceTree = "<group>"; };
		107A133C1FCE1AEF00436568 /* Plat.swift */ = {isa = PBXFileReference; lastKnownFileType = sourcecode.swift; name = Plat.swift; path = Objects/Plat.swift; sourceTree = "<group>"; };
		107A13401FCE1BB800436568 /* Ingredient.swift */ = {isa = PBXFileReference; lastKnownFileType = sourcecode.swift; name = Ingredient.swift; path = Objects/Ingredient.swift; sourceTree = "<group>"; };
		107A13421FCE1C5B00436568 /* Tag.swift */ = {isa = PBXFileReference; lastKnownFileType = sourcecode.swift; name = Tag.swift; path = Objects/Tag.swift; sourceTree = "<group>"; };
		107A13441FCE204000436568 /* MealNumberTableViewController.swift */ = {isa = PBXFileReference; lastKnownFileType = sourcecode.swift; name = MealNumberTableViewController.swift; path = Controllers/MealNumberTableViewController.swift; sourceTree = "<group>"; };
		107A13461FCE20EF00436568 /* DatePickViewController.swift */ = {isa = PBXFileReference; lastKnownFileType = sourcecode.swift; name = DatePickViewController.swift; path = Controllers/DatePickViewController.swift; sourceTree = "<group>"; };
		10928CD11FCF5E2E00F33600 /* MealTableViewCell.swift */ = {isa = PBXFileReference; lastKnownFileType = sourcecode.swift; path = MealTableViewCell.swift; sourceTree = "<group>"; };
		10928CD31FCF6E1700F33600 /* PersonNumberTableViewController.swift */ = {isa = PBXFileReference; lastKnownFileType = sourcecode.swift; name = PersonNumberTableViewController.swift; path = Controllers/PersonNumberTableViewController.swift; sourceTree = "<group>"; };
		1096B9941FCE01160005A202 /* FillMyFridge.app */ = {isa = PBXFileReference; explicitFileType = wrapper.application; includeInIndex = 0; path = FillMyFridge.app; sourceTree = BUILT_PRODUCTS_DIR; };
		1096B9971FCE01170005A202 /* AppDelegate.swift */ = {isa = PBXFileReference; lastKnownFileType = sourcecode.swift; path = AppDelegate.swift; sourceTree = "<group>"; };
		1096B9991FCE01170005A202 /* ViewController.swift */ = {isa = PBXFileReference; lastKnownFileType = sourcecode.swift; path = ViewController.swift; sourceTree = "<group>"; };
		1096B99C1FCE01170005A202 /* Base */ = {isa = PBXFileReference; lastKnownFileType = file.storyboard; name = Base; path = Base.lproj/Main.storyboard; sourceTree = "<group>"; };
		1096B99F1FCE01170005A202 /* FillMyFridge.xcdatamodel */ = {isa = PBXFileReference; lastKnownFileType = wrapper.xcdatamodel; path = FillMyFridge.xcdatamodel; sourceTree = "<group>"; };
		1096B9A11FCE01170005A202 /* Assets.xcassets */ = {isa = PBXFileReference; lastKnownFileType = folder.assetcatalog; path = Assets.xcassets; sourceTree = "<group>"; };
		1096B9A41FCE01170005A202 /* Base */ = {isa = PBXFileReference; lastKnownFileType = file.storyboard; name = Base; path = Base.lproj/LaunchScreen.storyboard; sourceTree = "<group>"; };
		1096B9A61FCE01170005A202 /* Info.plist */ = {isa = PBXFileReference; lastKnownFileType = text.plist.xml; path = Info.plist; sourceTree = "<group>"; };
		10D22CC11FD99CF900232289 /* TagTableViewCell.swift */ = {isa = PBXFileReference; lastKnownFileType = sourcecode.swift; path = TagTableViewCell.swift; sourceTree = "<group>"; };
		10FBE0281FDB01B60040031E /* GenerationDoneViewController.swift */ = {isa = PBXFileReference; lastKnownFileType = sourcecode.swift; path = GenerationDoneViewController.swift; sourceTree = "<group>"; };
		51CE8997808CD1960549A63B /* Pods-FillMyFridge.release.xcconfig */ = {isa = PBXFileReference; includeInIndex = 1; lastKnownFileType = text.xcconfig; name = "Pods-FillMyFridge.release.xcconfig"; path = "Pods/Target Support Files/Pods-FillMyFridge/Pods-FillMyFridge.release.xcconfig"; sourceTree = "<group>"; };
		562CF97B3DEFB1A763FD26BA /* Pods_FillMyFridge.framework */ = {isa = PBXFileReference; explicitFileType = wrapper.framework; includeInIndex = 0; path = Pods_FillMyFridge.framework; sourceTree = BUILT_PRODUCTS_DIR; };
		C7492ABF57946D936DF397C4 /* Pods-FillMyFridge.debug.xcconfig */ = {isa = PBXFileReference; includeInIndex = 1; lastKnownFileType = text.xcconfig; name = "Pods-FillMyFridge.debug.xcconfig"; path = "Pods/Target Support Files/Pods-FillMyFridge/Pods-FillMyFridge.debug.xcconfig"; sourceTree = "<group>"; };
/* End PBXFileReference section */

/* Begin PBXFrameworksBuildPhase section */
		1096B9911FCE01160005A202 /* Frameworks */ = {
			isa = PBXFrameworksBuildPhase;
			buildActionMask = 2147483647;
			files = (
				26DEC0F545342D0737270044 /* Pods_FillMyFridge.framework in Frameworks */,
			);
			runOnlyForDeploymentPostprocessing = 0;
		};
/* End PBXFrameworksBuildPhase section */

/* Begin PBXGroup section */
		106BEE261FDB1AA800085055 /* Frameworks */ = {
			isa = PBXGroup;
			children = (
				562CF97B3DEFB1A763FD26BA /* Pods_FillMyFridge.framework */,
			);
			name = Frameworks;
			sourceTree = "<group>";
		};
		1096B98B1FCE01160005A202 = {
			isa = PBXGroup;
			children = (
				1096B9961FCE01160005A202 /* FillMyFridge */,
				1096B9951FCE01160005A202 /* Products */,
				106BEE261FDB1AA800085055 /* Frameworks */,
				3B18439017FB57CD53E8E2A0 /* Pods */,
			);
			sourceTree = "<group>";
		};
		1096B9951FCE01160005A202 /* Products */ = {
			isa = PBXGroup;
			children = (
				1096B9941FCE01160005A202 /* FillMyFridge.app */,
			);
			name = Products;
			sourceTree = "<group>";
		};
		1096B9961FCE01160005A202 /* FillMyFridge */ = {
			isa = PBXGroup;
			children = (
				1096B9971FCE01170005A202 /* AppDelegate.swift */,
				1096B9991FCE01170005A202 /* ViewController.swift */,
				1096B99B1FCE01170005A202 /* Main.storyboard */,
				1096B9A11FCE01170005A202 /* Assets.xcassets */,
				1096B9A31FCE01170005A202 /* LaunchScreen.storyboard */,
				1096B9A61FCE01170005A202 /* Info.plist */,
				1096B99E1FCE01170005A202 /* FillMyFridge.xcdatamodeld */,
				107A13341FCE144900436568 /* ListeMenus.swift */,
				107A13381FCE186C00436568 /* Menu.swift */,
				107A133A1FCE19DD00436568 /* Repas.swift */,
				107A133C1FCE1AEF00436568 /* Plat.swift */,
				107A13401FCE1BB800436568 /* Ingredient.swift */,
				107A13421FCE1C5B00436568 /* Tag.swift */,
				107A13441FCE204000436568 /* MealNumberTableViewController.swift */,
				107A13461FCE20EF00436568 /* DatePickViewController.swift */,
				10928CD11FCF5E2E00F33600 /* MealTableViewCell.swift */,
				10928CD31FCF6E1700F33600 /* PersonNumberTableViewController.swift */,
				10534A1E1FD732E000D9CFEA /* PersonNumberTableViewCell.swift */,
				10534A201FD73D4500D9CFEA /* TagTableViewController.swift */,
				10D22CC11FD99CF900232289 /* TagTableViewCell.swift */,
				10FBE0281FDB01B60040031E /* GenerationDoneViewController.swift */,
				106BEE0C1FDB187800085055 /* MySQLiteHelper.swift */,
				106BEE2D1FDB637E00085055 /* PlatDAO.swift */,
				0D62C67D1FF42231002E3B5D /* RepasDAO.swift */,
				0D62C67F1FF518CA002E3B5D /* MenuDAO.swift */,
				0D62C6811FF5288D002E3B5D /* ListeMenusDAO.swift */,
				0DB694E51FFBDC280008A219 /* AllListeMenusTableViewController.swift */,
				0DB694F41FFBDC490008A219 /* AllListeMenusTableViewCell.swift */,
				0DB694F61FFBEA480008A219 /* ListeMenusDetailsViewController.swift */,
				0DB694F81FFBF9A10008A219 /* ListeMenusDetailsTableViewCell.swift */,
				0D3F08131FFC02880025DAFD /* RepasDetailsTableViewController.swift */,
				0D3F08221FFC0D340025DAFD /* RepasDetailsTableViewCell.swift */,
				0DB2663C1FFC1E5A009FC6FA /* ItemListeDeCourse.swift */,
				0DB2664B1FFC20FC009FC6FA /* ListeDeCourseTableViewController.swift */,
				0DB2664D1FFC2113009FC6FA /* ListeDeCourseTableViewCell.swift */,
			);
			path = FillMyFridge;
			sourceTree = "<group>";
		};
		3B18439017FB57CD53E8E2A0 /* Pods */ = {
			isa = PBXGroup;
			children = (
				C7492ABF57946D936DF397C4 /* Pods-FillMyFridge.debug.xcconfig */,
				51CE8997808CD1960549A63B /* Pods-FillMyFridge.release.xcconfig */,
			);
			name = Pods;
			sourceTree = "<group>";
		};
/* End PBXGroup section */

/* Begin PBXNativeTarget section */
		1096B9931FCE01160005A202 /* FillMyFridge */ = {
			isa = PBXNativeTarget;
			buildConfigurationList = 1096B9A91FCE01170005A202 /* Build configuration list for PBXNativeTarget "FillMyFridge" */;
			buildPhases = (
				8F75D7E62B737A78D1B751C6 /* [CP] Check Pods Manifest.lock */,
				1096B9901FCE01160005A202 /* Sources */,
				1096B9911FCE01160005A202 /* Frameworks */,
				1096B9921FCE01160005A202 /* Resources */,
				106BEE2C1FDB1B0800085055 /* Embed Frameworks */,
				BF83049183A998AAF3180FE0 /* [CP] Embed Pods Frameworks */,
				FAAB437FF18B5F9229966514 /* [CP] Copy Pods Resources */,
			);
			buildRules = (
			);
			dependencies = (
			);
			name = FillMyFridge;
			productName = FillMyFridge;
			productReference = 1096B9941FCE01160005A202 /* FillMyFridge.app */;
			productType = "com.apple.product-type.application";
		};
/* End PBXNativeTarget section */

/* Begin PBXProject section */
		1096B98C1FCE01160005A202 /* Project object */ = {
			isa = PBXProject;
			attributes = {
				LastSwiftUpdateCheck = 0910;
				LastUpgradeCheck = 0920;
				ORGANIZATIONNAME = "alexandre patelli";
				TargetAttributes = {
					1096B9931FCE01160005A202 = {
						CreatedOnToolsVersion = 9.1;
						ProvisioningStyle = Automatic;
					};
				};
			};
			buildConfigurationList = 1096B98F1FCE01160005A202 /* Build configuration list for PBXProject "FillMyFridge" */;
			compatibilityVersion = "Xcode 8.0";
			developmentRegion = en;
			hasScannedForEncodings = 0;
			knownRegions = (
				en,
				Base,
			);
			mainGroup = 1096B98B1FCE01160005A202;
			productRefGroup = 1096B9951FCE01160005A202 /* Products */;
			projectDirPath = "";
			projectRoot = "";
			targets = (
				1096B9931FCE01160005A202 /* FillMyFridge */,
			);
		};
/* End PBXProject section */

/* Begin PBXResourcesBuildPhase section */
		1096B9921FCE01160005A202 /* Resources */ = {
			isa = PBXResourcesBuildPhase;
			buildActionMask = 2147483647;
			files = (
				1096B9A51FCE01170005A202 /* LaunchScreen.storyboard in Resources */,
				1096B9A21FCE01170005A202 /* Assets.xcassets in Resources */,
				1096B99D1FCE01170005A202 /* Main.storyboard in Resources */,
			);
			runOnlyForDeploymentPostprocessing = 0;
		};
/* End PBXResourcesBuildPhase section */

/* Begin PBXShellScriptBuildPhase section */
		8F75D7E62B737A78D1B751C6 /* [CP] Check Pods Manifest.lock */ = {
			isa = PBXShellScriptBuildPhase;
			buildActionMask = 2147483647;
			files = (
			);
			inputPaths = (
				"${PODS_PODFILE_DIR_PATH}/Podfile.lock",
				"${PODS_ROOT}/Manifest.lock",
			);
			name = "[CP] Check Pods Manifest.lock";
			outputPaths = (
				"$(DERIVED_FILE_DIR)/Pods-FillMyFridge-checkManifestLockResult.txt",
			);
			runOnlyForDeploymentPostprocessing = 0;
			shellPath = /bin/sh;
			shellScript = "diff \"${PODS_PODFILE_DIR_PATH}/Podfile.lock\" \"${PODS_ROOT}/Manifest.lock\" > /dev/null\nif [ $? != 0 ] ; then\n    # print error to STDERR\n    echo \"error: The sandbox is not in sync with the Podfile.lock. Run 'pod install' or update your CocoaPods installation.\" >&2\n    exit 1\nfi\n# This output is used by Xcode 'outputs' to avoid re-running this script phase.\necho \"SUCCESS\" > \"${SCRIPT_OUTPUT_FILE_0}\"\n";
			showEnvVarsInLog = 0;
		};
		BF83049183A998AAF3180FE0 /* [CP] Embed Pods Frameworks */ = {
			isa = PBXShellScriptBuildPhase;
			buildActionMask = 2147483647;
			files = (
			);
			inputPaths = (
				"${SRCROOT}/Pods/Target Support Files/Pods-FillMyFridge/Pods-FillMyFridge-frameworks.sh",
				"${BUILT_PRODUCTS_DIR}/SQLCipher/SQLCipher.framework",
				"${BUILT_PRODUCTS_DIR}/SQLite.swift/SQLite.framework",
			);
			name = "[CP] Embed Pods Frameworks";
			outputPaths = (
				"${TARGET_BUILD_DIR}/${FRAMEWORKS_FOLDER_PATH}/SQLCipher.framework",
				"${TARGET_BUILD_DIR}/${FRAMEWORKS_FOLDER_PATH}/SQLite.framework",
			);
			runOnlyForDeploymentPostprocessing = 0;
			shellPath = /bin/sh;
			shellScript = "\"${SRCROOT}/Pods/Target Support Files/Pods-FillMyFridge/Pods-FillMyFridge-frameworks.sh\"\n";
			showEnvVarsInLog = 0;
		};
		FAAB437FF18B5F9229966514 /* [CP] Copy Pods Resources */ = {
			isa = PBXShellScriptBuildPhase;
			buildActionMask = 2147483647;
			files = (
			);
			inputPaths = (
			);
			name = "[CP] Copy Pods Resources";
			outputPaths = (
			);
			runOnlyForDeploymentPostprocessing = 0;
			shellPath = /bin/sh;
			shellScript = "\"${SRCROOT}/Pods/Target Support Files/Pods-FillMyFridge/Pods-FillMyFridge-resources.sh\"\n";
			showEnvVarsInLog = 0;
		};
/* End PBXShellScriptBuildPhase section */

/* Begin PBXSourcesBuildPhase section */
		1096B9901FCE01160005A202 /* Sources */ = {
			isa = PBXSourcesBuildPhase;
			buildActionMask = 2147483647;
			files = (
				0D3F08141FFC02880025DAFD /* RepasDetailsTableViewController.swift in Sources */,
				0DB694E61FFBDC280008A219 /* AllListeMenusTableViewController.swift in Sources */,
				10D22CC21FD99CF900232289 /* TagTableViewCell.swift in Sources */,
				107A13351FCE144900436568 /* ListeMenus.swift in Sources */,
				10534A1F1FD732E000D9CFEA /* PersonNumberTableViewCell.swift in Sources */,
				10534A211FD73D4500D9CFEA /* TagTableViewController.swift in Sources */,
				1096B9A01FCE01170005A202 /* FillMyFridge.xcdatamodeld in Sources */,
				1096B99A1FCE01170005A202 /* ViewController.swift in Sources */,
				0D62C6801FF518CA002E3B5D /* MenuDAO.swift in Sources */,
				0DB694F51FFBDC490008A219 /* AllListeMenusTableViewCell.swift in Sources */,
				1096B9981FCE01170005A202 /* AppDelegate.swift in Sources */,
				10928CD41FCF6E1700F33600 /* PersonNumberTableViewController.swift in Sources */,
				0D62C67E1FF42231002E3B5D /* RepasDAO.swift in Sources */,
				0DB2664C1FFC20FC009FC6FA /* ListeDeCourseTableViewController.swift in Sources */,
				107A13411FCE1BB800436568 /* Ingredient.swift in Sources */,
				0D62C6821FF5288D002E3B5D /* ListeMenusDAO.swift in Sources */,
				107A13391FCE186C00436568 /* Menu.swift in Sources */,
				107A13431FCE1C5B00436568 /* Tag.swift in Sources */,
				107A13451FCE204000436568 /* MealNumberTableViewController.swift in Sources */,
				0DB2664E1FFC2113009FC6FA /* ListeDeCourseTableViewCell.swift in Sources */,
				0D3F08231FFC0D340025DAFD /* RepasDetailsTableViewCell.swift in Sources */,
				0DB2663D1FFC1E5A009FC6FA /* ItemListeDeCourse.swift in Sources */,
				10928CD21FCF5E2E00F33600 /* MealTableViewCell.swift in Sources */,
				106BEE0D1FDB187800085055 /* MySQLiteHelper.swift in Sources */,
				0DB694F71FFBEA480008A219 /* ListeMenusDetailsViewController.swift in Sources */,
				107A133D1FCE1AEF00436568 /* Plat.swift in Sources */,
				0DB694F91FFBF9A10008A219 /* ListeMenusDetailsTableViewCell.swift in Sources */,
				107A13471FCE20EF00436568 /* DatePickViewController.swift in Sources */,
				107A133B1FCE19DD00436568 /* Repas.swift in Sources */,
				106BEE2E1FDB637E00085055 /* PlatDAO.swift in Sources */,
				10FBE0291FDB01B70040031E /* GenerationDoneViewController.swift in Sources */,
			);
			runOnlyForDeploymentPostprocessing = 0;
		};
/* End PBXSourcesBuildPhase section */

/* Begin PBXVariantGroup section */
		1096B99B1FCE01170005A202 /* Main.storyboard */ = {
			isa = PBXVariantGroup;
			children = (
				1096B99C1FCE01170005A202 /* Base */,
			);
			name = Main.storyboard;
			sourceTree = "<group>";
		};
		1096B9A31FCE01170005A202 /* LaunchScreen.storyboard */ = {
			isa = PBXVariantGroup;
			children = (
				1096B9A41FCE01170005A202 /* Base */,
			);
			name = LaunchScreen.storyboard;
			sourceTree = "<group>";
		};
/* End PBXVariantGroup section */

/* Begin XCBuildConfiguration section */
		1096B9A71FCE01170005A202 /* Debug */ = {
			isa = XCBuildConfiguration;
			buildSettings = {
				ALWAYS_SEARCH_USER_PATHS = NO;
				CLANG_ANALYZER_NONNULL = YES;
				CLANG_ANALYZER_NUMBER_OBJECT_CONVERSION = YES_AGGRESSIVE;
				CLANG_CXX_LANGUAGE_STANDARD = "gnu++14";
				CLANG_CXX_LIBRARY = "libc++";
				CLANG_ENABLE_MODULES = YES;
				CLANG_ENABLE_OBJC_ARC = YES;
				CLANG_WARN_BLOCK_CAPTURE_AUTORELEASING = YES;
				CLANG_WARN_BOOL_CONVERSION = YES;
				CLANG_WARN_COMMA = YES;
				CLANG_WARN_CONSTANT_CONVERSION = YES;
				CLANG_WARN_DIRECT_OBJC_ISA_USAGE = YES_ERROR;
				CLANG_WARN_DOCUMENTATION_COMMENTS = YES;
				CLANG_WARN_EMPTY_BODY = YES;
				CLANG_WARN_ENUM_CONVERSION = YES;
				CLANG_WARN_INFINITE_RECURSION = YES;
				CLANG_WARN_INT_CONVERSION = YES;
				CLANG_WARN_NON_LITERAL_NULL_CONVERSION = YES;
				CLANG_WARN_OBJC_LITERAL_CONVERSION = YES;
				CLANG_WARN_OBJC_ROOT_CLASS = YES_ERROR;
				CLANG_WARN_RANGE_LOOP_ANALYSIS = YES;
				CLANG_WARN_STRICT_PROTOTYPES = YES;
				CLANG_WARN_SUSPICIOUS_MOVE = YES;
				CLANG_WARN_UNGUARDED_AVAILABILITY = YES_AGGRESSIVE;
				CLANG_WARN_UNREACHABLE_CODE = YES;
				CLANG_WARN__DUPLICATE_METHOD_MATCH = YES;
				CODE_SIGN_IDENTITY = "iPhone Developer";
				COPY_PHASE_STRIP = NO;
				DEBUG_INFORMATION_FORMAT = dwarf;
				ENABLE_STRICT_OBJC_MSGSEND = YES;
				ENABLE_TESTABILITY = YES;
				GCC_C_LANGUAGE_STANDARD = gnu11;
				GCC_DYNAMIC_NO_PIC = NO;
				GCC_NO_COMMON_BLOCKS = YES;
				GCC_OPTIMIZATION_LEVEL = 0;
				GCC_PREPROCESSOR_DEFINITIONS = (
					"DEBUG=1",
					"$(inherited)",
				);
				GCC_WARN_64_TO_32_BIT_CONVERSION = YES;
				GCC_WARN_ABOUT_RETURN_TYPE = YES_ERROR;
				GCC_WARN_UNDECLARED_SELECTOR = YES;
				GCC_WARN_UNINITIALIZED_AUTOS = YES_AGGRESSIVE;
				GCC_WARN_UNUSED_FUNCTION = YES;
				GCC_WARN_UNUSED_VARIABLE = YES;
				IPHONEOS_DEPLOYMENT_TARGET = 11.1;
				MTL_ENABLE_DEBUG_INFO = YES;
				ONLY_ACTIVE_ARCH = YES;
				SDKROOT = iphoneos;
				SWIFT_ACTIVE_COMPILATION_CONDITIONS = DEBUG;
				SWIFT_OPTIMIZATION_LEVEL = "-Onone";
			};
			name = Debug;
		};
		1096B9A81FCE01170005A202 /* Release */ = {
			isa = XCBuildConfiguration;
			buildSettings = {
				ALWAYS_SEARCH_USER_PATHS = NO;
				CLANG_ANALYZER_NONNULL = YES;
				CLANG_ANALYZER_NUMBER_OBJECT_CONVERSION = YES_AGGRESSIVE;
				CLANG_CXX_LANGUAGE_STANDARD = "gnu++14";
				CLANG_CXX_LIBRARY = "libc++";
				CLANG_ENABLE_MODULES = YES;
				CLANG_ENABLE_OBJC_ARC = YES;
				CLANG_WARN_BLOCK_CAPTURE_AUTORELEASING = YES;
				CLANG_WARN_BOOL_CONVERSION = YES;
				CLANG_WARN_COMMA = YES;
				CLANG_WARN_CONSTANT_CONVERSION = YES;
				CLANG_WARN_DIRECT_OBJC_ISA_USAGE = YES_ERROR;
				CLANG_WARN_DOCUMENTATION_COMMENTS = YES;
				CLANG_WARN_EMPTY_BODY = YES;
				CLANG_WARN_ENUM_CONVERSION = YES;
				CLANG_WARN_INFINITE_RECURSION = YES;
				CLANG_WARN_INT_CONVERSION = YES;
				CLANG_WARN_NON_LITERAL_NULL_CONVERSION = YES;
				CLANG_WARN_OBJC_LITERAL_CONVERSION = YES;
				CLANG_WARN_OBJC_ROOT_CLASS = YES_ERROR;
				CLANG_WARN_RANGE_LOOP_ANALYSIS = YES;
				CLANG_WARN_STRICT_PROTOTYPES = YES;
				CLANG_WARN_SUSPICIOUS_MOVE = YES;
				CLANG_WARN_UNGUARDED_AVAILABILITY = YES_AGGRESSIVE;
				CLANG_WARN_UNREACHABLE_CODE = YES;
				CLANG_WARN__DUPLICATE_METHOD_MATCH = YES;
				CODE_SIGN_IDENTITY = "iPhone Developer";
				COPY_PHASE_STRIP = NO;
				DEBUG_INFORMATION_FORMAT = "dwarf-with-dsym";
				ENABLE_NS_ASSERTIONS = NO;
				ENABLE_STRICT_OBJC_MSGSEND = YES;
				GCC_C_LANGUAGE_STANDARD = gnu11;
				GCC_NO_COMMON_BLOCKS = YES;
				GCC_WARN_64_TO_32_BIT_CONVERSION = YES;
				GCC_WARN_ABOUT_RETURN_TYPE = YES_ERROR;
				GCC_WARN_UNDECLARED_SELECTOR = YES;
				GCC_WARN_UNINITIALIZED_AUTOS = YES_AGGRESSIVE;
				GCC_WARN_UNUSED_FUNCTION = YES;
				GCC_WARN_UNUSED_VARIABLE = YES;
				IPHONEOS_DEPLOYMENT_TARGET = 11.1;
				MTL_ENABLE_DEBUG_INFO = NO;
				SDKROOT = iphoneos;
				SWIFT_OPTIMIZATION_LEVEL = "-Owholemodule";
				VALIDATE_PRODUCT = YES;
			};
			name = Release;
		};
		1096B9AA1FCE01170005A202 /* Debug */ = {
			isa = XCBuildConfiguration;
			baseConfigurationReference = C7492ABF57946D936DF397C4 /* Pods-FillMyFridge.debug.xcconfig */;
			buildSettings = {
				ALWAYS_EMBED_SWIFT_STANDARD_LIBRARIES = YES;
				ASSETCATALOG_COMPILER_APPICON_NAME = AppIcon;
				CODE_SIGN_STYLE = Automatic;
				INFOPLIST_FILE = FillMyFridge/Info.plist;
				IPHONEOS_DEPLOYMENT_TARGET = 11.1;
				LD_RUNPATH_SEARCH_PATHS = "$(inherited) @executable_path/Frameworks";
				PRODUCT_BUNDLE_IDENTIFIER = UTT.FillMyFridge;
				PRODUCT_NAME = "$(TARGET_NAME)";
				SWIFT_VERSION = 4.0;
				TARGETED_DEVICE_FAMILY = "1,2";
			};
			name = Debug;
		};
		1096B9AB1FCE01170005A202 /* Release */ = {
			isa = XCBuildConfiguration;
			baseConfigurationReference = 51CE8997808CD1960549A63B /* Pods-FillMyFridge.release.xcconfig */;
			buildSettings = {
				ALWAYS_EMBED_SWIFT_STANDARD_LIBRARIES = YES;
				ASSETCATALOG_COMPILER_APPICON_NAME = AppIcon;
				CODE_SIGN_STYLE = Automatic;
				INFOPLIST_FILE = FillMyFridge/Info.plist;
				IPHONEOS_DEPLOYMENT_TARGET = 11.1;
				LD_RUNPATH_SEARCH_PATHS = "$(inherited) @executable_path/Frameworks";
				PRODUCT_BUNDLE_IDENTIFIER = UTT.FillMyFridge;
				PRODUCT_NAME = "$(TARGET_NAME)";
				SWIFT_VERSION = 4.0;
				TARGETED_DEVICE_FAMILY = "1,2";
			};
			name = Release;
		};
/* End XCBuildConfiguration section */

/* Begin XCConfigurationList section */
		1096B98F1FCE01160005A202 /* Build configuration list for PBXProject "FillMyFridge" */ = {
			isa = XCConfigurationList;
			buildConfigurations = (
				1096B9A71FCE01170005A202 /* Debug */,
				1096B9A81FCE01170005A202 /* Release */,
			);
			defaultConfigurationIsVisible = 0;
			defaultConfigurationName = Release;
		};
		1096B9A91FCE01170005A202 /* Build configuration list for PBXNativeTarget "FillMyFridge" */ = {
			isa = XCConfigurationList;
			buildConfigurations = (
				1096B9AA1FCE01170005A202 /* Debug */,
				1096B9AB1FCE01170005A202 /* Release */,
			);
			defaultConfigurationIsVisible = 0;
			defaultConfigurationName = Release;
		};
/* End XCConfigurationList section */

/* Begin XCVersionGroup section */
		1096B99E1FCE01170005A202 /* FillMyFridge.xcdatamodeld */ = {
			isa = XCVersionGroup;
			children = (
				1096B99F1FCE01170005A202 /* FillMyFridge.xcdatamodel */,
			);
			currentVersion = 1096B99F1FCE01170005A202 /* FillMyFridge.xcdatamodel */;
			path = FillMyFridge.xcdatamodeld;
			sourceTree = "<group>";
			versionGroupType = wrapper.xcdatamodel;
		};
/* End XCVersionGroup section */
	};
	rootObject = 1096B98C1FCE01160005A202 /* Project object */;
}
