// !$*UTF8*$!
{
	archiveVersion = 1;
	classes = {
	};
	objectVersion = 48;
	objects = {

/* Begin PBXBuildFile section */
		10534A1F1FD732E000D9CFEA /* PersonNumberTableViewCell.swift in Sources */ = {isa = PBXBuildFile; fileRef = 10534A1E1FD732E000D9CFEA /* PersonNumberTableViewCell.swift */; };
		10534A211FD73D4500D9CFEA /* TagTableViewController.swift in Sources */ = {isa = PBXBuildFile; fileRef = 10534A201FD73D4500D9CFEA /* TagTableViewController.swift */; };
		106BEE0D1FDB187800085055 /* MySQLiteHelper.swift in Sources */ = {isa = PBXBuildFile; fileRef = 106BEE0C1FDB187800085055 /* MySQLiteHelper.swift */; };
		106BEE271FDB1AA800085055 /* SQLite.framework in Frameworks */ = {isa = PBXBuildFile; fileRef = 106BEE191FDB1A1D00085055 /* SQLite.framework */; };
		106BEE281FDB1B0700085055 /* SQLite.framework in Frameworks */ = {isa = PBXBuildFile; fileRef = 106BEE191FDB1A1D00085055 /* SQLite.framework */; };
		106BEE291FDB1B0700085055 /* SQLite.framework in Embed Frameworks */ = {isa = PBXBuildFile; fileRef = 106BEE191FDB1A1D00085055 /* SQLite.framework */; settings = {ATTRIBUTES = (CodeSignOnCopy, RemoveHeadersOnCopy, ); }; };
		107A13351FCE144900436568 /* ListeMenus.swift in Sources */ = {isa = PBXBuildFile; fileRef = 107A13341FCE144900436568 /* ListeMenus.swift */; };
		107A13391FCE186C00436568 /* Menu.swift in Sources */ = {isa = PBXBuildFile; fileRef = 107A13381FCE186C00436568 /* Menu.swift */; };
		107A133B1FCE19DD00436568 /* Repas.swift in Sources */ = {isa = PBXBuildFile; fileRef = 107A133A1FCE19DD00436568 /* Repas.swift */; };
		107A133D1FCE1AEF00436568 /* Plat.swift in Sources */ = {isa = PBXBuildFile; fileRef = 107A133C1FCE1AEF00436568 /* Plat.swift */; };
		107A13411FCE1BB800436568 /* Ingredient.swift in Sources */ = {isa = PBXBuildFile; fileRef = 107A13401FCE1BB800436568 /* Ingredient.swift */; };
		107A13431FCE1C5B00436568 /* Tag.swift in Sources */ = {isa = PBXBuildFile; fileRef = 107A13421FCE1C5B00436568 /* Tag.swift */; };
		107A13451FCE204000436568 /* MealNumberTableViewController.swift in Sources */ = {isa = PBXBuildFile; fileRef = 107A13441FCE204000436568 /* MealNumberTableViewController.swift */; };
		107A13471FCE20EF00436568 /* DatePickViewController.swift in Sources */ = {isa = PBXBuildFile; fileRef = 107A13461FCE20EF00436568 /* DatePickViewController.swift */; };
		10928CD21FCF5E2E00F33600 /* MealTableViewCell.swift in Sources */ = {isa = PBXBuildFile; fileRef = 10928CD11FCF5E2E00F33600 /* MealTableViewCell.swift */; };
		10928CD41FCF6E1700F33600 /* PersonNumberTableViewController.swift in Sources */ = {isa = PBXBuildFile; fileRef = 10928CD31FCF6E1700F33600 /* PersonNumberTableViewController.swift */; };
		1096B9981FCE01170005A202 /* AppDelegate.swift in Sources */ = {isa = PBXBuildFile; fileRef = 1096B9971FCE01170005A202 /* AppDelegate.swift */; };
		1096B99A1FCE01170005A202 /* ViewController.swift in Sources */ = {isa = PBXBuildFile; fileRef = 1096B9991FCE01170005A202 /* ViewController.swift */; };
		1096B99D1FCE01170005A202 /* Main.storyboard in Resources */ = {isa = PBXBuildFile; fileRef = 1096B99B1FCE01170005A202 /* Main.storyboard */; };
		1096B9A01FCE01170005A202 /* FillMyFridge.xcdatamodeld in Sources */ = {isa = PBXBuildFile; fileRef = 1096B99E1FCE01170005A202 /* FillMyFridge.xcdatamodeld */; };
		1096B9A21FCE01170005A202 /* Assets.xcassets in Resources */ = {isa = PBXBuildFile; fileRef = 1096B9A11FCE01170005A202 /* Assets.xcassets */; };
		1096B9A51FCE01170005A202 /* LaunchScreen.storyboard in Resources */ = {isa = PBXBuildFile; fileRef = 1096B9A31FCE01170005A202 /* LaunchScreen.storyboard */; };
		10D22CC21FD99CF900232289 /* TagTableViewCell.swift in Sources */ = {isa = PBXBuildFile; fileRef = 10D22CC11FD99CF900232289 /* TagTableViewCell.swift */; };
		10FBE0291FDB01B70040031E /* GenerationDoneViewController.swift in Sources */ = {isa = PBXBuildFile; fileRef = 10FBE0281FDB01B60040031E /* GenerationDoneViewController.swift */; };
/* End PBXBuildFile section */

/* Begin PBXContainerItemProxy section */
		106BEE181FDB1A1D00085055 /* PBXContainerItemProxy */ = {
			isa = PBXContainerItemProxy;
			containerPortal = 106BEE0E1FDB1A1C00085055 /* SQLite.xcodeproj */;
			proxyType = 2;
			remoteGlobalIDString = EE247AD31C3F04ED00AE3E12;
			remoteInfo = "SQLite iOS";
		};
		106BEE1A1FDB1A1D00085055 /* PBXContainerItemProxy */ = {
			isa = PBXContainerItemProxy;
			containerPortal = 106BEE0E1FDB1A1C00085055 /* SQLite.xcodeproj */;
			proxyType = 2;
			remoteGlobalIDString = EE247ADD1C3F04ED00AE3E12;
			remoteInfo = "SQLiteTests iOS";
		};
		106BEE1C1FDB1A1D00085055 /* PBXContainerItemProxy */ = {
			isa = PBXContainerItemProxy;
			containerPortal = 106BEE0E1FDB1A1C00085055 /* SQLite.xcodeproj */;
			proxyType = 2;
			remoteGlobalIDString = EE247B3C1C3F3ED000AE3E12;
			remoteInfo = "SQLite Mac";
		};
		106BEE1E1FDB1A1D00085055 /* PBXContainerItemProxy */ = {
			isa = PBXContainerItemProxy;
			containerPortal = 106BEE0E1FDB1A1C00085055 /* SQLite.xcodeproj */;
			proxyType = 2;
			remoteGlobalIDString = EE247B451C3F3ED000AE3E12;
			remoteInfo = "SQLiteTests Mac";
		};
		106BEE201FDB1A1D00085055 /* PBXContainerItemProxy */ = {
			isa = PBXContainerItemProxy;
			containerPortal = 106BEE0E1FDB1A1C00085055 /* SQLite.xcodeproj */;
			proxyType = 2;
			remoteGlobalIDString = 03A65E5A1C6BB0F50062603F;
			remoteInfo = "SQLite tvOS";
		};
		106BEE221FDB1A1D00085055 /* PBXContainerItemProxy */ = {
			isa = PBXContainerItemProxy;
			containerPortal = 106BEE0E1FDB1A1C00085055 /* SQLite.xcodeproj */;
			proxyType = 2;
			remoteGlobalIDString = 03A65E631C6BB0F60062603F;
			remoteInfo = "SQLiteTests tvOS";
		};
		106BEE241FDB1A1D00085055 /* PBXContainerItemProxy */ = {
			isa = PBXContainerItemProxy;
			containerPortal = 106BEE0E1FDB1A1C00085055 /* SQLite.xcodeproj */;
			proxyType = 2;
			remoteGlobalIDString = A121AC451CA35C79005A31D1;
			remoteInfo = "SQLite watchOS";
		};
		106BEE2A1FDB1B0700085055 /* PBXContainerItemProxy */ = {
			isa = PBXContainerItemProxy;
			containerPortal = 106BEE0E1FDB1A1C00085055 /* SQLite.xcodeproj */;
			proxyType = 1;
			remoteGlobalIDString = EE247AD21C3F04ED00AE3E12;
			remoteInfo = "SQLite iOS";
		};
/* End PBXContainerItemProxy section */

/* Begin PBXCopyFilesBuildPhase section */
		106BEE2C1FDB1B0800085055 /* Embed Frameworks */ = {
			isa = PBXCopyFilesBuildPhase;
			buildActionMask = 2147483647;
			dstPath = "";
			dstSubfolderSpec = 10;
			files = (
				106BEE291FDB1B0700085055 /* SQLite.framework in Embed Frameworks */,
			);
			name = "Embed Frameworks";
			runOnlyForDeploymentPostprocessing = 0;
		};
/* End PBXCopyFilesBuildPhase section */

/* Begin PBXFileReference section */
		10534A1E1FD732E000D9CFEA /* PersonNumberTableViewCell.swift */ = {isa = PBXFileReference; lastKnownFileType = sourcecode.swift; path = PersonNumberTableViewCell.swift; sourceTree = "<group>"; };
		10534A201FD73D4500D9CFEA /* TagTableViewController.swift */ = {isa = PBXFileReference; lastKnownFileType = sourcecode.swift; name = TagTableViewController.swift; path = Controllers/TagTableViewController.swift; sourceTree = "<group>"; };
		106BEE0C1FDB187800085055 /* MySQLiteHelper.swift */ = {isa = PBXFileReference; lastKnownFileType = sourcecode.swift; name = MySQLiteHelper.swift; path = DAO/MySQLiteHelper.swift; sourceTree = "<group>"; };
		106BEE0E1FDB1A1C00085055 /* SQLite.xcodeproj */ = {isa = PBXFileReference; lastKnownFileType = "wrapper.pb-project"; name = SQLite.xcodeproj; path = "../../Downloads/SQLite.swift-master/SQLite.xcodeproj"; sourceTree = "<group>"; };
		107A13341FCE144900436568 /* ListeMenus.swift */ = {isa = PBXFileReference; lastKnownFileType = sourcecode.swift; name = ListeMenus.swift; path = Objects/ListeMenus.swift; sourceTree = "<group>"; };
		107A13381FCE186C00436568 /* Menu.swift */ = {isa = PBXFileReference; lastKnownFileType = sourcecode.swift; name = Menu.swift; path = Objects/Menu.swift; sourceTree = "<group>"; };
		107A133A1FCE19DD00436568 /* Repas.swift */ = {isa = PBXFileReference; lastKnownFileType = sourcecode.swift; name = Repas.swift; path = Objects/Repas.swift; sourceTree = "<group>"; };
		107A133C1FCE1AEF00436568 /* Plat.swift */ = {isa = PBXFileReference; lastKnownFileType = sourcecode.swift; name = Plat.swift; path = Objects/Plat.swift; sourceTree = "<group>"; };
		107A13401FCE1BB800436568 /* Ingredient.swift */ = {isa = PBXFileReference; lastKnownFileType = sourcecode.swift; name = Ingredient.swift; path = Objects/Ingredient.swift; sourceTree = "<group>"; };
		107A13421FCE1C5B00436568 /* Tag.swift */ = {isa = PBXFileReference; lastKnownFileType = sourcecode.swift; name = Tag.swift; path = Objects/Tag.swift; sourceTree = "<group>"; };
		107A13441FCE204000436568 /* MealNumberTableViewController.swift */ = {isa = PBXFileReference; lastKnownFileType = sourcecode.swift; name = MealNumberTableViewController.swift; path = Controllers/MealNumberTableViewController.swift; sourceTree = "<group>"; };
		107A13461FCE20EF00436568 /* DatePickViewController.swift */ = {isa = PBXFileReference; lastKnownFileType = sourcecode.swift; name = DatePickViewController.swift; path = Controllers/DatePickViewController.swift; sourceTree = "<group>"; };
		10928CD11FCF5E2E00F33600 /* MealTableViewCell.swift */ = {isa = PBXFileReference; lastKnownFileType = sourcecode.swift; path = MealTableViewCell.swift; sourceTree = "<group>"; };
		10928CD31FCF6E1700F33600 /* PersonNumberTableViewController.swift */ = {isa = PBXFileReference; lastKnownFileType = sourcecode.swift; name = PersonNumberTableViewController.swift; path = Controllers/PersonNumberTableViewController.swift; sourceTree = "<group>"; };
		1096B9941FCE01160005A202 /* FillMyFridge.app */ = {isa = PBXFileReference; explicitFileType = wrapper.application; includeInIndex = 0; path = FillMyFridge.app; sourceTree = BUILT_PRODUCTS_DIR; };
		1096B9971FCE01170005A202 /* AppDelegate.swift */ = {isa = PBXFileReference; lastKnownFileType = sourcecode.swift; path = AppDelegate.swift; sourceTree = "<group>"; };
		1096B9991FCE01170005A202 /* ViewController.swift */ = {isa = PBXFileReference; lastKnownFileType = sourcecode.swift; path = ViewController.swift; sourceTree = "<group>"; };
		1096B99C1FCE01170005A202 /* Base */ = {isa = PBXFileReference; lastKnownFileType = file.storyboard; name = Base; path = Base.lproj/Main.storyboard; sourceTree = "<group>"; };
		1096B99F1FCE01170005A202 /* FillMyFridge.xcdatamodel */ = {isa = PBXFileReference; lastKnownFileType = wrapper.xcdatamodel; path = FillMyFridge.xcdatamodel; sourceTree = "<group>"; };
		1096B9A11FCE01170005A202 /* Assets.xcassets */ = {isa = PBXFileReference; lastKnownFileType = folder.assetcatalog; path = Assets.xcassets; sourceTree = "<group>"; };
		1096B9A41FCE01170005A202 /* Base */ = {isa = PBXFileReference; lastKnownFileType = file.storyboard; name = Base; path = Base.lproj/LaunchScreen.storyboard; sourceTree = "<group>"; };
		1096B9A61FCE01170005A202 /* Info.plist */ = {isa = PBXFileReference; lastKnownFileType = text.plist.xml; path = Info.plist; sourceTree = "<group>"; };
		10D22CC11FD99CF900232289 /* TagTableViewCell.swift */ = {isa = PBXFileReference; lastKnownFileType = sourcecode.swift; path = TagTableViewCell.swift; sourceTree = "<group>"; };
		10FBE0281FDB01B60040031E /* GenerationDoneViewController.swift */ = {isa = PBXFileReference; lastKnownFileType = sourcecode.swift; path = GenerationDoneViewController.swift; sourceTree = "<group>"; };
/* End PBXFileReference section */

/* Begin PBXFrameworksBuildPhase section */
		1096B9911FCE01160005A202 /* Frameworks */ = {
			isa = PBXFrameworksBuildPhase;
			buildActionMask = 2147483647;
			files = (
				106BEE281FDB1B0700085055 /* SQLite.framework in Frameworks */,
				106BEE271FDB1AA800085055 /* SQLite.framework in Frameworks */,
			);
			runOnlyForDeploymentPostprocessing = 0;
		};
/* End PBXFrameworksBuildPhase section */

/* Begin PBXGroup section */
		106BEE0F1FDB1A1C00085055 /* Products */ = {
			isa = PBXGroup;
			children = (
				106BEE191FDB1A1D00085055 /* SQLite.framework */,
				106BEE1B1FDB1A1D00085055 /* SQLiteTests iOS.xctest */,
				106BEE1D1FDB1A1D00085055 /* SQLite.framework */,
				106BEE1F1FDB1A1D00085055 /* SQLiteTests Mac.xctest */,
				106BEE211FDB1A1D00085055 /* SQLite.framework */,
				106BEE231FDB1A1D00085055 /* SQLiteTests tvOS.xctest */,
				106BEE251FDB1A1D00085055 /* SQLite.framework */,
			);
			name = Products;
			sourceTree = "<group>";
		};
		106BEE261FDB1AA800085055 /* Frameworks */ = {
			isa = PBXGroup;
			children = (
			);
			name = Frameworks;
			sourceTree = "<group>";
		};
		1096B98B1FCE01160005A202 = {
			isa = PBXGroup;
			children = (
				1096B9961FCE01160005A202 /* FillMyFridge */,
				1096B9951FCE01160005A202 /* Products */,
				106BEE0E1FDB1A1C00085055 /* SQLite.xcodeproj */,
				106BEE261FDB1AA800085055 /* Frameworks */,
			);
			sourceTree = "<group>";
		};
		1096B9951FCE01160005A202 /* Products */ = {
			isa = PBXGroup;
			children = (
				1096B9941FCE01160005A202 /* FillMyFridge.app */,
			);
			name = Products;
			sourceTree = "<group>";
		};
		1096B9961FCE01160005A202 /* FillMyFridge */ = {
			isa = PBXGroup;
			children = (
				1096B9971FCE01170005A202 /* AppDelegate.swift */,
				1096B9991FCE01170005A202 /* ViewController.swift */,
				1096B99B1FCE01170005A202 /* Main.storyboard */,
				1096B9A11FCE01170005A202 /* Assets.xcassets */,
				1096B9A31FCE01170005A202 /* LaunchScreen.storyboard */,
				1096B9A61FCE01170005A202 /* Info.plist */,
				1096B99E1FCE01170005A202 /* FillMyFridge.xcdatamodeld */,
				107A13341FCE144900436568 /* ListeMenus.swift */,
				107A13381FCE186C00436568 /* Menu.swift */,
				107A133A1FCE19DD00436568 /* Repas.swift */,
				107A133C1FCE1AEF00436568 /* Plat.swift */,
				107A13401FCE1BB800436568 /* Ingredient.swift */,
				107A13421FCE1C5B00436568 /* Tag.swift */,
				107A13441FCE204000436568 /* MealNumberTableViewController.swift */,
				107A13461FCE20EF00436568 /* DatePickViewController.swift */,
				10928CD11FCF5E2E00F33600 /* MealTableViewCell.swift */,
				10928CD31FCF6E1700F33600 /* PersonNumberTableViewController.swift */,
				10534A1E1FD732E000D9CFEA /* PersonNumberTableViewCell.swift */,
				10534A201FD73D4500D9CFEA /* TagTableViewController.swift */,
				10D22CC11FD99CF900232289 /* TagTableViewCell.swift */,
				10FBE0281FDB01B60040031E /* GenerationDoneViewController.swift */,
				106BEE0C1FDB187800085055 /* MySQLiteHelper.swift */,
			);
			path = FillMyFridge;
			sourceTree = "<group>";
		};
/* End PBXGroup section */

/* Begin PBXNativeTarget section */
		1096B9931FCE01160005A202 /* FillMyFridge */ = {
			isa = PBXNativeTarget;
			buildConfigurationList = 1096B9A91FCE01170005A202 /* Build configuration list for PBXNativeTarget "FillMyFridge" */;
			buildPhases = (
				1096B9901FCE01160005A202 /* Sources */,
				1096B9911FCE01160005A202 /* Frameworks */,
				1096B9921FCE01160005A202 /* Resources */,
				106BEE2C1FDB1B0800085055 /* Embed Frameworks */,
			);
			buildRules = (
			);
			dependencies = (
				106BEE2B1FDB1B0700085055 /* PBXTargetDependency */,
			);
			name = FillMyFridge;
			productName = FillMyFridge;
			productReference = 1096B9941FCE01160005A202 /* FillMyFridge.app */;
			productType = "com.apple.product-type.application";
		};
/* End PBXNativeTarget section */

/* Begin PBXProject section */
		1096B98C1FCE01160005A202 /* Project object */ = {
			isa = PBXProject;
			attributes = {
				LastSwiftUpdateCheck = 0910;
				LastUpgradeCheck = 0910;
				ORGANIZATIONNAME = "alexandre patelli";
				TargetAttributes = {
					1096B9931FCE01160005A202 = {
						CreatedOnToolsVersion = 9.1;
						ProvisioningStyle = Automatic;
					};
				};
			};
			buildConfigurationList = 1096B98F1FCE01160005A202 /* Build configuration list for PBXProject "FillMyFridge" */;
			compatibilityVersion = "Xcode 8.0";
			developmentRegion = en;
			hasScannedForEncodings = 0;
			knownRegions = (
				en,
				Base,
			);
			mainGroup = 1096B98B1FCE01160005A202;
			productRefGroup = 1096B9951FCE01160005A202 /* Products */;
			projectDirPath = "";
			projectReferences = (
				{
					ProductGroup = 106BEE0F1FDB1A1C00085055 /* Products */;
					ProjectRef = 106BEE0E1FDB1A1C00085055 /* SQLite.xcodeproj */;
				},
			);
			projectRoot = "";
			targets = (
				1096B9931FCE01160005A202 /* FillMyFridge */,
			);
		};
/* End PBXProject section */

/* Begin PBXReferenceProxy section */
		106BEE191FDB1A1D00085055 /* SQLite.framework */ = {
			isa = PBXReferenceProxy;
			fileType = wrapper.framework;
			path = SQLite.framework;
			remoteRef = 106BEE181FDB1A1D00085055 /* PBXContainerItemProxy */;
			sourceTree = BUILT_PRODUCTS_DIR;
		};
		106BEE1B1FDB1A1D00085055 /* SQLiteTests iOS.xctest */ = {
			isa = PBXReferenceProxy;
			fileType = wrapper.cfbundle;
			path = "SQLiteTests iOS.xctest";
			remoteRef = 106BEE1A1FDB1A1D00085055 /* PBXContainerItemProxy */;
			sourceTree = BUILT_PRODUCTS_DIR;
		};
		106BEE1D1FDB1A1D00085055 /* SQLite.framework */ = {
			isa = PBXReferenceProxy;
			fileType = wrapper.framework;
			path = SQLite.framework;
			remoteRef = 106BEE1C1FDB1A1D00085055 /* PBXContainerItemProxy */;
			sourceTree = BUILT_PRODUCTS_DIR;
		};
		106BEE1F1FDB1A1D00085055 /* SQLiteTests Mac.xctest */ = {
			isa = PBXReferenceProxy;
			fileType = wrapper.cfbundle;
			path = "SQLiteTests Mac.xctest";
			remoteRef = 106BEE1E1FDB1A1D00085055 /* PBXContainerItemProxy */;
			sourceTree = BUILT_PRODUCTS_DIR;
		};
		106BEE211FDB1A1D00085055 /* SQLite.framework */ = {
			isa = PBXReferenceProxy;
			fileType = wrapper.framework;
			path = SQLite.framework;
			remoteRef = 106BEE201FDB1A1D00085055 /* PBXContainerItemProxy */;
			sourceTree = BUILT_PRODUCTS_DIR;
		};
		106BEE231FDB1A1D00085055 /* SQLiteTests tvOS.xctest */ = {
			isa = PBXReferenceProxy;
			fileType = wrapper.cfbundle;
			path = "SQLiteTests tvOS.xctest";
			remoteRef = 106BEE221FDB1A1D00085055 /* PBXContainerItemProxy */;
			sourceTree = BUILT_PRODUCTS_DIR;
		};
		106BEE251FDB1A1D00085055 /* SQLite.framework */ = {
			isa = PBXReferenceProxy;
			fileType = wrapper.framework;
			path = SQLite.framework;
			remoteRef = 106BEE241FDB1A1D00085055 /* PBXContainerItemProxy */;
			sourceTree = BUILT_PRODUCTS_DIR;
		};
/* End PBXReferenceProxy section */

/* Begin PBXResourcesBuildPhase section */
		1096B9921FCE01160005A202 /* Resources */ = {
			isa = PBXResourcesBuildPhase;
			buildActionMask = 2147483647;
			files = (
				1096B9A51FCE01170005A202 /* LaunchScreen.storyboard in Resources */,
				1096B9A21FCE01170005A202 /* Assets.xcassets in Resources */,
				1096B99D1FCE01170005A202 /* Main.storyboard in Resources */,
			);
			runOnlyForDeploymentPostprocessing = 0;
		};
/* End PBXResourcesBuildPhase section */

/* Begin PBXSourcesBuildPhase section */
		1096B9901FCE01160005A202 /* Sources */ = {
			isa = PBXSourcesBuildPhase;
			buildActionMask = 2147483647;
			files = (
				10D22CC21FD99CF900232289 /* TagTableViewCell.swift in Sources */,
				107A13351FCE144900436568 /* ListeMenus.swift in Sources */,
				10534A1F1FD732E000D9CFEA /* PersonNumberTableViewCell.swift in Sources */,
				10534A211FD73D4500D9CFEA /* TagTableViewController.swift in Sources */,
				1096B9A01FCE01170005A202 /* FillMyFridge.xcdatamodeld in Sources */,
				1096B99A1FCE01170005A202 /* ViewController.swift in Sources */,
				1096B9981FCE01170005A202 /* AppDelegate.swift in Sources */,
				10928CD41FCF6E1700F33600 /* PersonNumberTableViewController.swift in Sources */,
				107A13411FCE1BB800436568 /* Ingredient.swift in Sources */,
				107A13391FCE186C00436568 /* Menu.swift in Sources */,
				107A13431FCE1C5B00436568 /* Tag.swift in Sources */,
				107A13451FCE204000436568 /* MealNumberTableViewController.swift in Sources */,
				10928CD21FCF5E2E00F33600 /* MealTableViewCell.swift in Sources */,
				106BEE0D1FDB187800085055 /* MySQLiteHelper.swift in Sources */,
				107A133D1FCE1AEF00436568 /* Plat.swift in Sources */,
				107A13471FCE20EF00436568 /* DatePickViewController.swift in Sources */,
				107A133B1FCE19DD00436568 /* Repas.swift in Sources */,
				10FBE0291FDB01B70040031E /* GenerationDoneViewController.swift in Sources */,
			);
			runOnlyForDeploymentPostprocessing = 0;
		};
/* End PBXSourcesBuildPhase section */

/* Begin PBXTargetDependency section */
		106BEE2B1FDB1B0700085055 /* PBXTargetDependency */ = {
			isa = PBXTargetDependency;
			name = "SQLite iOS";
			targetProxy = 106BEE2A1FDB1B0700085055 /* PBXContainerItemProxy */;
		};
/* End PBXTargetDependency section */

/* Begin PBXVariantGroup section */
		1096B99B1FCE01170005A202 /* Main.storyboard */ = {
			isa = PBXVariantGroup;
			children = (
				1096B99C1FCE01170005A202 /* Base */,
			);
			name = Main.storyboard;
			sourceTree = "<group>";
		};
		1096B9A31FCE01170005A202 /* LaunchScreen.storyboard */ = {
			isa = PBXVariantGroup;
			children = (
				1096B9A41FCE01170005A202 /* Base */,
			);
			name = LaunchScreen.storyboard;
			sourceTree = "<group>";
		};
/* End PBXVariantGroup section */

/* Begin XCBuildConfiguration section */
		1096B9A71FCE01170005A202 /* Debug */ = {
			isa = XCBuildConfiguration;
			buildSettings = {
				ALWAYS_SEARCH_USER_PATHS = NO;
				CLANG_ANALYZER_NONNULL = YES;
				CLANG_ANALYZER_NUMBER_OBJECT_CONVERSION = YES_AGGRESSIVE;
				CLANG_CXX_LANGUAGE_STANDARD = "gnu++14";
				CLANG_CXX_LIBRARY = "libc++";
				CLANG_ENABLE_MODULES = YES;
				CLANG_ENABLE_OBJC_ARC = YES;
				CLANG_WARN_BLOCK_CAPTURE_AUTORELEASING = YES;
				CLANG_WARN_BOOL_CONVERSION = YES;
				CLANG_WARN_COMMA = YES;
				CLANG_WARN_CONSTANT_CONVERSION = YES;
				CLANG_WARN_DIRECT_OBJC_ISA_USAGE = YES_ERROR;
				CLANG_WARN_DOCUMENTATION_COMMENTS = YES;
				CLANG_WARN_EMPTY_BODY = YES;
				CLANG_WARN_ENUM_CONVERSION = YES;
				CLANG_WARN_INFINITE_RECURSION = YES;
				CLANG_WARN_INT_CONVERSION = YES;
				CLANG_WARN_NON_LITERAL_NULL_CONVERSION = YES;
				CLANG_WARN_OBJC_LITERAL_CONVERSION = YES;
				CLANG_WARN_OBJC_ROOT_CLASS = YES_ERROR;
				CLANG_WARN_RANGE_LOOP_ANALYSIS = YES;
				CLANG_WARN_STRICT_PROTOTYPES = YES;
				CLANG_WARN_SUSPICIOUS_MOVE = YES;
				CLANG_WARN_UNGUARDED_AVAILABILITY = YES_AGGRESSIVE;
				CLANG_WARN_UNREACHABLE_CODE = YES;
				CLANG_WARN__DUPLICATE_METHOD_MATCH = YES;
				CODE_SIGN_IDENTITY = "iPhone Developer";
				COPY_PHASE_STRIP = NO;
				DEBUG_INFORMATION_FORMAT = dwarf;
				ENABLE_STRICT_OBJC_MSGSEND = YES;
				ENABLE_TESTABILITY = YES;
				GCC_C_LANGUAGE_STANDARD = gnu11;
				GCC_DYNAMIC_NO_PIC = NO;
				GCC_NO_COMMON_BLOCKS = YES;
				GCC_OPTIMIZATION_LEVEL = 0;
				GCC_PREPROCESSOR_DEFINITIONS = (
					"DEBUG=1",
					"$(inherited)",
				);
				GCC_WARN_64_TO_32_BIT_CONVERSION = YES;
				GCC_WARN_ABOUT_RETURN_TYPE = YES_ERROR;
				GCC_WARN_UNDECLARED_SELECTOR = YES;
				GCC_WARN_UNINITIALIZED_AUTOS = YES_AGGRESSIVE;
				GCC_WARN_UNUSED_FUNCTION = YES;
				GCC_WARN_UNUSED_VARIABLE = YES;
				IPHONEOS_DEPLOYMENT_TARGET = 11.1;
				MTL_ENABLE_DEBUG_INFO = YES;
				ONLY_ACTIVE_ARCH = YES;
				SDKROOT = iphoneos;
				SWIFT_ACTIVE_COMPILATION_CONDITIONS = DEBUG;
				SWIFT_OPTIMIZATION_LEVEL = "-Onone";
			};
			name = Debug;
		};
		1096B9A81FCE01170005A202 /* Release */ = {
			isa = XCBuildConfiguration;
			buildSettings = {
				ALWAYS_SEARCH_USER_PATHS = NO;
				CLANG_ANALYZER_NONNULL = YES;
				CLANG_ANALYZER_NUMBER_OBJECT_CONVERSION = YES_AGGRESSIVE;
				CLANG_CXX_LANGUAGE_STANDARD = "gnu++14";
				CLANG_CXX_LIBRARY = "libc++";
				CLANG_ENABLE_MODULES = YES;
				CLANG_ENABLE_OBJC_ARC = YES;
				CLANG_WARN_BLOCK_CAPTURE_AUTORELEASING = YES;
				CLANG_WARN_BOOL_CONVERSION = YES;
				CLANG_WARN_COMMA = YES;
				CLANG_WARN_CONSTANT_CONVERSION = YES;
				CLANG_WARN_DIRECT_OBJC_ISA_USAGE = YES_ERROR;
				CLANG_WARN_DOCUMENTATION_COMMENTS = YES;
				CLANG_WARN_EMPTY_BODY = YES;
				CLANG_WARN_ENUM_CONVERSION = YES;
				CLANG_WARN_INFINITE_RECURSION = YES;
				CLANG_WARN_INT_CONVERSION = YES;
				CLANG_WARN_NON_LITERAL_NULL_CONVERSION = YES;
				CLANG_WARN_OBJC_LITERAL_CONVERSION = YES;
				CLANG_WARN_OBJC_ROOT_CLASS = YES_ERROR;
				CLANG_WARN_RANGE_LOOP_ANALYSIS = YES;
				CLANG_WARN_STRICT_PROTOTYPES = YES;
				CLANG_WARN_SUSPICIOUS_MOVE = YES;
				CLANG_WARN_UNGUARDED_AVAILABILITY = YES_AGGRESSIVE;
				CLANG_WARN_UNREACHABLE_CODE = YES;
				CLANG_WARN__DUPLICATE_METHOD_MATCH = YES;
				CODE_SIGN_IDENTITY = "iPhone Developer";
				COPY_PHASE_STRIP = NO;
				DEBUG_INFORMATION_FORMAT = "dwarf-with-dsym";
				ENABLE_NS_ASSERTIONS = NO;
				ENABLE_STRICT_OBJC_MSGSEND = YES;
				GCC_C_LANGUAGE_STANDARD = gnu11;
				GCC_NO_COMMON_BLOCKS = YES;
				GCC_WARN_64_TO_32_BIT_CONVERSION = YES;
				GCC_WARN_ABOUT_RETURN_TYPE = YES_ERROR;
				GCC_WARN_UNDECLARED_SELECTOR = YES;
				GCC_WARN_UNINITIALIZED_AUTOS = YES_AGGRESSIVE;
				GCC_WARN_UNUSED_FUNCTION = YES;
				GCC_WARN_UNUSED_VARIABLE = YES;
				IPHONEOS_DEPLOYMENT_TARGET = 11.1;
				MTL_ENABLE_DEBUG_INFO = NO;
				SDKROOT = iphoneos;
				SWIFT_OPTIMIZATION_LEVEL = "-Owholemodule";
				VALIDATE_PRODUCT = YES;
			};
			name = Release;
		};
		1096B9AA1FCE01170005A202 /* Debug */ = {
			isa = XCBuildConfiguration;
			buildSettings = {
				ALWAYS_EMBED_SWIFT_STANDARD_LIBRARIES = YES;
				ASSETCATALOG_COMPILER_APPICON_NAME = AppIcon;
				CODE_SIGN_STYLE = Automatic;
				INFOPLIST_FILE = FillMyFridge/Info.plist;
				LD_RUNPATH_SEARCH_PATHS = "$(inherited) @executable_path/Frameworks";
				PRODUCT_BUNDLE_IDENTIFIER = UTT.FillMyFridge;
				PRODUCT_NAME = "$(TARGET_NAME)";
				SWIFT_VERSION = 4.0;
				TARGETED_DEVICE_FAMILY = "1,2";
			};
			name = Debug;
		};
		1096B9AB1FCE01170005A202 /* Release */ = {
			isa = XCBuildConfiguration;
			buildSettings = {
				ALWAYS_EMBED_SWIFT_STANDARD_LIBRARIES = YES;
				ASSETCATALOG_COMPILER_APPICON_NAME = AppIcon;
				CODE_SIGN_STYLE = Automatic;
				INFOPLIST_FILE = FillMyFridge/Info.plist;
				LD_RUNPATH_SEARCH_PATHS = "$(inherited) @executable_path/Frameworks";
				PRODUCT_BUNDLE_IDENTIFIER = UTT.FillMyFridge;
				PRODUCT_NAME = "$(TARGET_NAME)";
				SWIFT_VERSION = 4.0;
				TARGETED_DEVICE_FAMILY = "1,2";
			};
			name = Release;
		};
/* End XCBuildConfiguration section */

/* Begin XCConfigurationList section */
		1096B98F1FCE01160005A202 /* Build configuration list for PBXProject "FillMyFridge" */ = {
			isa = XCConfigurationList;
			buildConfigurations = (
				1096B9A71FCE01170005A202 /* Debug */,
				1096B9A81FCE01170005A202 /* Release */,
			);
			defaultConfigurationIsVisible = 0;
			defaultConfigurationName = Release;
		};
		1096B9A91FCE01170005A202 /* Build configuration list for PBXNativeTarget "FillMyFridge" */ = {
			isa = XCConfigurationList;
			buildConfigurations = (
				1096B9AA1FCE01170005A202 /* Debug */,
				1096B9AB1FCE01170005A202 /* Release */,
			);
			defaultConfigurationIsVisible = 0;
			defaultConfigurationName = Release;
		};
/* End XCConfigurationList section */

/* Begin XCVersionGroup section */
		1096B99E1FCE01170005A202 /* FillMyFridge.xcdatamodeld */ = {
			isa = XCVersionGroup;
			children = (
				1096B99F1FCE01170005A202 /* FillMyFridge.xcdatamodel */,
			);
			currentVersion = 1096B99F1FCE01170005A202 /* FillMyFridge.xcdatamodel */;
			path = FillMyFridge.xcdatamodeld;
			sourceTree = "<group>";
			versionGroupType = wrapper.xcdatamodel;
		};
/* End XCVersionGroup section */
	};
	rootObject = 1096B98C1FCE01160005A202 /* Project object */;
}
